
Microsoft Visual Studio Solution File, Format Version 12.00
# Visual Studio Version 16
VisualStudioVersion = 16.0.29920.165
MinimumVisualStudioVersion = 10.0.40219.1
Project("{FAE04EC0-301F-11D3-BF4B-00C04F79EFBC}") = "CodeChallenge_Recursion", "CodeChallenge_Recursion\CodeChallenge_Recursion.csproj", "{4D954C48-B1B6-46BB-9EC9-5119095C9E38}"
EndProject
Global
	GlobalSection(SolutionConfigurationPlatforms) = preSolution
		Debug|Any CPU = Debug|Any CPU
		Release|Any CPU = Release|Any CPU
	EndGlobalSection
	GlobalSection(ProjectConfigurationPlatforms) = postSolution
		{4D954C48-B1B6-46BB-9EC9-5119095C9E38}.Debug|Any CPU.ActiveCfg = Debug|Any CPU
		{4D954C48-B1B6-46BB-9EC9-5119095C9E38}.Debug|Any CPU.Build.0 = Debug|Any CPU
		{4D954C48-B1B6-46BB-9EC9-5119095C9E38}.Release|Any CPU.ActiveCfg = Release|Any CPU
		{4D954C48-B1B6-46BB-9EC9-5119095C9E38}.Release|Any CPU.Build.0 = Release|Any CPU
	EndGlobalSection
	GlobalSection(SolutionProperties) = preSolution
		HideSolutionNode = FALSE
	EndGlobalSection
	GlobalSection(ExtensibilityGlobals) = postSolution
		SolutionGuid = {F89114D1-5F79-4616-ADBB-E88FD87173D4}
	EndGlobalSection
EndGlobal
